
Microsoft Visual Studio Solution File, Format Version 12.00
# Visual Studio 15
VisualStudioVersion = 15.0.27130.2027
MinimumVisualStudioVersion = 10.0.40219.1
Project("{FAE04EC0-301F-11D3-BF4B-00C04F79EFBC}") = "BISMDocumenterWindows", "BISMDocumenterWindows.csproj", "{9BCD4F75-4D58-4FD1-B47D-B9C4BFF5365F}"
EndProject
Global
	GlobalSection(SolutionConfigurationPlatforms) = preSolution
		Debug|Any CPU = Debug|Any CPU
		Release|Any CPU = Release|Any CPU
	EndGlobalSection
	GlobalSection(ProjectConfigurationPlatforms) = postSolution
		{9BCD4F75-4D58-4FD1-B47D-B9C4BFF5365F}.Debug|Any CPU.ActiveCfg = Debug|Any CPU
		{9BCD4F75-4D58-4FD1-B47D-B9C4BFF5365F}.Debug|Any CPU.Build.0 = Debug|Any CPU
		{9BCD4F75-4D58-4FD1-B47D-B9C4BFF5365F}.Release|Any CPU.ActiveCfg = Release|Any CPU
		{9BCD4F75-4D58-4FD1-B47D-B9C4BFF5365F}.Release|Any CPU.Build.0 = Release|Any CPU
	EndGlobalSection
	GlobalSection(SolutionProperties) = preSolution
		HideSolutionNode = FALSE
	EndGlobalSection
	GlobalSection(ExtensibilityGlobals) = postSolution
		SolutionGuid = {C3C41B56-8454-42B8-B188-EFC5029E0AF6}
	EndGlobalSection
EndGlobal
